
Microsoft Visual Studio Solution File, Format Version 12.00
# Visual Studio 15
VisualStudioVersion = 15.0.27130.2036
MinimumVisualStudioVersion = 10.0.40219.1
Project("{FAE04EC0-301F-11D3-BF4B-00C04F79EFBC}") = "ContactsWebApi", "ContactsWebApi\ContactsWebApi.csproj", "{DC93AE50-A9FF-4DE1-8215-DBD474A32F68}"
EndProject
Global
	GlobalSection(SolutionConfigurationPlatforms) = preSolution
		Debug|Any CPU = Debug|Any CPU
		Release|Any CPU = Release|Any CPU
	EndGlobalSection
	GlobalSection(ProjectConfigurationPlatforms) = postSolution
		{DC93AE50-A9FF-4DE1-8215-DBD474A32F68}.Debug|Any CPU.ActiveCfg = Debug|Any CPU
		{DC93AE50-A9FF-4DE1-8215-DBD474A32F68}.Debug|Any CPU.Build.0 = Debug|Any CPU
		{DC93AE50-A9FF-4DE1-8215-DBD474A32F68}.Release|Any CPU.ActiveCfg = Release|Any CPU
		{DC93AE50-A9FF-4DE1-8215-DBD474A32F68}.Release|Any CPU.Build.0 = Release|Any CPU
	EndGlobalSection
	GlobalSection(SolutionProperties) = preSolution
		HideSolutionNode = FALSE
	EndGlobalSection
	GlobalSection(ExtensibilityGlobals) = postSolution
		SolutionGuid = {640B48E6-F5F7-4942-B284-121588D41E9D}
	EndGlobalSection
EndGlobal
